
Microsoft Visual Studio Solution File, Format Version 12.00
# Visual Studio 2013
VisualStudioVersion = 12.0.21005.1
MinimumVisualStudioVersion = 10.0.40219.1
Project("{FAE04EC0-301F-11D3-BF4B-00C04F79EFBC}") = "01.DistanceCalculator", "01.DistanceCalculator\01.DistanceCalculator.csproj", "{5F580F86-751B-49F7-9B1C-5B7565D04872}"
EndProject
Project("{FAE04EC0-301F-11D3-BF4B-00C04F79EFBC}") = "02.DistanceCalculatorClient", "02.DistanceCalculatorClient\02.DistanceCalculatorClient.csproj", "{87BF418F-CF79-41B1-9189-DAEED4F01318}"
	ProjectSection(ProjectDependencies) = postProject
		{5F580F86-751B-49F7-9B1C-5B7565D04872} = {5F580F86-751B-49F7-9B1C-5B7565D04872}
	EndProjectSection
EndProject
Project("{FAE04EC0-301F-11D3-BF4B-00C04F79EFBC}") = "03.DistanceCalculatorREST", "03.DistanceCalculatorREST\03.DistanceCalculatorREST.csproj", "{817B217C-0C2A-42B6-ADF0-556687CAE48D}"
EndProject
Project("{FAE04EC0-301F-11D3-BF4B-00C04F79EFBC}") = "04.DistanceCalculatorRESTClient", "04.DistanceCalculatorRESTClient\04.DistanceCalculatorRESTClient.csproj", "{FB959B02-A909-4F97-953F-69F41B5CCDDD}"
EndProject
Global
	GlobalSection(SolutionConfigurationPlatforms) = preSolution
		Debug|Any CPU = Debug|Any CPU
		Release|Any CPU = Release|Any CPU
	EndGlobalSection
	GlobalSection(ProjectConfigurationPlatforms) = postSolution
		{5F580F86-751B-49F7-9B1C-5B7565D04872}.Debug|Any CPU.ActiveCfg = Debug|Any CPU
		{5F580F86-751B-49F7-9B1C-5B7565D04872}.Debug|Any CPU.Build.0 = Debug|Any CPU
		{5F580F86-751B-49F7-9B1C-5B7565D04872}.Release|Any CPU.ActiveCfg = Release|Any CPU
		{5F580F86-751B-49F7-9B1C-5B7565D04872}.Release|Any CPU.Build.0 = Release|Any CPU
		{87BF418F-CF79-41B1-9189-DAEED4F01318}.Debug|Any CPU.ActiveCfg = Debug|Any CPU
		{87BF418F-CF79-41B1-9189-DAEED4F01318}.Debug|Any CPU.Build.0 = Debug|Any CPU
		{87BF418F-CF79-41B1-9189-DAEED4F01318}.Release|Any CPU.ActiveCfg = Release|Any CPU
		{87BF418F-CF79-41B1-9189-DAEED4F01318}.Release|Any CPU.Build.0 = Release|Any CPU
		{817B217C-0C2A-42B6-ADF0-556687CAE48D}.Debug|Any CPU.ActiveCfg = Debug|Any CPU
		{817B217C-0C2A-42B6-ADF0-556687CAE48D}.Debug|Any CPU.Build.0 = Debug|Any CPU
		{817B217C-0C2A-42B6-ADF0-556687CAE48D}.Release|Any CPU.ActiveCfg = Release|Any CPU
		{817B217C-0C2A-42B6-ADF0-556687CAE48D}.Release|Any CPU.Build.0 = Release|Any CPU
		{FB959B02-A909-4F97-953F-69F41B5CCDDD}.Debug|Any CPU.ActiveCfg = Debug|Any CPU
		{FB959B02-A909-4F97-953F-69F41B5CCDDD}.Debug|Any CPU.Build.0 = Debug|Any CPU
		{FB959B02-A909-4F97-953F-69F41B5CCDDD}.Release|Any CPU.ActiveCfg = Release|Any CPU
		{FB959B02-A909-4F97-953F-69F41B5CCDDD}.Release|Any CPU.Build.0 = Release|Any CPU
	EndGlobalSection
	GlobalSection(SolutionProperties) = preSolution
		HideSolutionNode = FALSE
	EndGlobalSection
EndGlobal
